
Microsoft Visual Studio Solution File, Format Version 12.00
# Visual Studio Version 16
VisualStudioVersion = 16.0.808.7
MinimumVisualStudioVersion = 10.0.40219.1
Project("{FAE04EC0-301F-11D3-BF4B-00C04F79EFBC}") = "FactoryMethod", "FactoryMethod\FactoryMethod.csproj", "{A0F78392-BD29-4E87-8306-FD0F1EFBB15E}"
EndProject
Global
	GlobalSection(SolutionConfigurationPlatforms) = preSolution
		Debug|Any CPU = Debug|Any CPU
		Release|Any CPU = Release|Any CPU
	EndGlobalSection
	GlobalSection(ProjectConfigurationPlatforms) = postSolution
		{A0F78392-BD29-4E87-8306-FD0F1EFBB15E}.Debug|Any CPU.ActiveCfg = Debug|Any CPU
		{A0F78392-BD29-4E87-8306-FD0F1EFBB15E}.Debug|Any CPU.Build.0 = Debug|Any CPU
		{A0F78392-BD29-4E87-8306-FD0F1EFBB15E}.Release|Any CPU.ActiveCfg = Release|Any CPU
		{A0F78392-BD29-4E87-8306-FD0F1EFBB15E}.Release|Any CPU.Build.0 = Release|Any CPU
	EndGlobalSection
	GlobalSection(SolutionProperties) = preSolution
		HideSolutionNode = FALSE
	EndGlobalSection
	GlobalSection(ExtensibilityGlobals) = postSolution
		SolutionGuid = {6748BB4A-0B05-41F6-9835-AEAF454EE71B}
	EndGlobalSection
EndGlobal
